
Microsoft Visual Studio Solution File, Format Version 12.00
# Visual Studio Version 17
VisualStudioVersion = 17.3.32901.215
MinimumVisualStudioVersion = 10.0.40219.1
Project("{9A19103F-16F7-4668-BE54-9A1E7A4F7556}") = "Domain", "domain\Domain.csproj", "{8A22032C-192E-4F2E-8FE1-C0442721D137}"
EndProject
Project("{2150E333-8FDC-42A3-9474-1A3956D46DE8}") = "src", "src", "{C5D4A7C6-7468-434F-ACBF-1C03D05D4146}"
EndProject
Project("{2150E333-8FDC-42A3-9474-1A3956D46DE8}") = "tests", "tests", "{46F3129E-371E-4DE2-97FB-4300E2F89938}"
EndProject
Project("{9A19103F-16F7-4668-BE54-9A1E7A4F7556}") = "CykloidyWPF", "CykloidyWPF\CykloidyWPF.csproj", "{F3B82B3A-9731-421F-B04A-220AA1612035}"
EndProject
Project("{9A19103F-16F7-4668-BE54-9A1E7A4F7556}") = "Data", "Data\Data.csproj", "{3563606A-651F-40FF-8518-F6EEE1FFAED0}"
EndProject
Project("{9A19103F-16F7-4668-BE54-9A1E7A4F7556}") = "Data.UnitTests", "Data.UnitTests\Data.UnitTests.csproj", "{FEDC0C28-3DC1-4236-BF16-17E7A410D3AE}"
EndProject
Global
	GlobalSection(SolutionConfigurationPlatforms) = preSolution
		Debug|Any CPU = Debug|Any CPU
		Release|Any CPU = Release|Any CPU
	EndGlobalSection
	GlobalSection(ProjectConfigurationPlatforms) = postSolution
		{8A22032C-192E-4F2E-8FE1-C0442721D137}.Debug|Any CPU.ActiveCfg = Debug|Any CPU
		{8A22032C-192E-4F2E-8FE1-C0442721D137}.Debug|Any CPU.Build.0 = Debug|Any CPU
		{8A22032C-192E-4F2E-8FE1-C0442721D137}.Release|Any CPU.ActiveCfg = Release|Any CPU
		{8A22032C-192E-4F2E-8FE1-C0442721D137}.Release|Any CPU.Build.0 = Release|Any CPU
		{F3B82B3A-9731-421F-B04A-220AA1612035}.Debug|Any CPU.ActiveCfg = Debug|Any CPU
		{F3B82B3A-9731-421F-B04A-220AA1612035}.Debug|Any CPU.Build.0 = Debug|Any CPU
		{F3B82B3A-9731-421F-B04A-220AA1612035}.Release|Any CPU.ActiveCfg = Release|Any CPU
		{F3B82B3A-9731-421F-B04A-220AA1612035}.Release|Any CPU.Build.0 = Release|Any CPU
		{3563606A-651F-40FF-8518-F6EEE1FFAED0}.Debug|Any CPU.ActiveCfg = Debug|Any CPU
		{3563606A-651F-40FF-8518-F6EEE1FFAED0}.Debug|Any CPU.Build.0 = Debug|Any CPU
		{3563606A-651F-40FF-8518-F6EEE1FFAED0}.Release|Any CPU.ActiveCfg = Release|Any CPU
		{3563606A-651F-40FF-8518-F6EEE1FFAED0}.Release|Any CPU.Build.0 = Release|Any CPU
		{FEDC0C28-3DC1-4236-BF16-17E7A410D3AE}.Debug|Any CPU.ActiveCfg = Debug|Any CPU
		{FEDC0C28-3DC1-4236-BF16-17E7A410D3AE}.Debug|Any CPU.Build.0 = Debug|Any CPU
		{FEDC0C28-3DC1-4236-BF16-17E7A410D3AE}.Release|Any CPU.ActiveCfg = Release|Any CPU
		{FEDC0C28-3DC1-4236-BF16-17E7A410D3AE}.Release|Any CPU.Build.0 = Release|Any CPU
	EndGlobalSection
	GlobalSection(SolutionProperties) = preSolution
		HideSolutionNode = FALSE
	EndGlobalSection
	GlobalSection(NestedProjects) = preSolution
		{8A22032C-192E-4F2E-8FE1-C0442721D137} = {C5D4A7C6-7468-434F-ACBF-1C03D05D4146}
		{F3B82B3A-9731-421F-B04A-220AA1612035} = {C5D4A7C6-7468-434F-ACBF-1C03D05D4146}
		{3563606A-651F-40FF-8518-F6EEE1FFAED0} = {C5D4A7C6-7468-434F-ACBF-1C03D05D4146}
		{FEDC0C28-3DC1-4236-BF16-17E7A410D3AE} = {46F3129E-371E-4DE2-97FB-4300E2F89938}
	EndGlobalSection
	GlobalSection(ExtensibilityGlobals) = postSolution
		SolutionGuid = {A96704E1-AE9D-4465-B3AB-E0E6420B9096}
	EndGlobalSection
EndGlobal
